{
  "name": "serverless-demo",
  "version": "1.0.0",
  "lockfileVersion": 2,
  "requires": true,
  "packages": {
    "": {
      "version": "1.0.0",
      "dependencies": {
        "morse-code-converter": "^1.0.2"
      }
    },
    "node_modules/morse-code-converter": {
      "version": "1.0.2",
      "resolved": "https://registry.npmjs.org/morse-code-converter/-/morse-code-converter-1.0.2.tgz",
      "integrity": "sha512-QF2Yqjbr2tly86cHexW9Vn1YjK5GcxJGCaSLNHUaMmmCcdUuWfJ5b+eiE0xPRd11bAL08igayqrW4OK81Sb3aw=="
    }
  },
  "dependencies": {
    "morse-code-converter": {
      "version": "1.0.2",
      "resolved": "https://registry.npmjs.org/morse-code-converter/-/morse-code-converter-1.0.2.tgz",
      "integrity": "sha512-QF2Yqjbr2tly86cHexW9Vn1YjK5GcxJGCaSLNHUaMmmCcdUuWfJ5b+eiE0xPRd11bAL08igayqrW4OK81Sb3aw=="
    }
  }
}
